// !$*UTF8*$!
{
	archiveVersion = 1;
	classes = {
	};
	objectVersion = 56;
	objects = {

/* Begin PBXBuildFile section */
		3EE318A72B87770B00ABFCEB /* MeliApp.swift in Sources */ = {isa = PBXBuildFile; fileRef = 3EE318A62B87770B00ABFCEB /* MeliApp.swift */; };
		3EE318A92B87770B00ABFCEB /* ContentView.swift in Sources */ = {isa = PBXBuildFile; fileRef = 3EE318A82B87770B00ABFCEB /* ContentView.swift */; };
		3EE318AB2B87771300ABFCEB /* Assets.xcassets in Resources */ = {isa = PBXBuildFile; fileRef = 3EE318AA2B87771300ABFCEB /* Assets.xcassets */; };
		3EE318AE2B87771300ABFCEB /* Preview Assets.xcassets in Resources */ = {isa = PBXBuildFile; fileRef = 3EE318AD2B87771300ABFCEB /* Preview Assets.xcassets */; };
		3EE318B82B87771400ABFCEB /* MeliTests.swift in Sources */ = {isa = PBXBuildFile; fileRef = 3EE318B72B87771400ABFCEB /* MeliTests.swift */; };
		3EE318C22B87771400ABFCEB /* MeliUITests.swift in Sources */ = {isa = PBXBuildFile; fileRef = 3EE318C12B87771400ABFCEB /* MeliUITests.swift */; };
		3EE318C42B87771400ABFCEB /* MeliUITestsLaunchTests.swift in Sources */ = {isa = PBXBuildFile; fileRef = 3EE318C32B87771400ABFCEB /* MeliUITestsLaunchTests.swift */; };
		3EE318D12B87EBD100ABFCEB /* SearchView.swift in Sources */ = {isa = PBXBuildFile; fileRef = 3EE318D02B87EBD100ABFCEB /* SearchView.swift */; };
		3EE318D52B87EC1900ABFCEB /* ProductDetailView.swift in Sources */ = {isa = PBXBuildFile; fileRef = 3EE318D42B87EC1900ABFCEB /* ProductDetailView.swift */; };
		3EE318D72B87EC3500ABFCEB /* MainView.swift in Sources */ = {isa = PBXBuildFile; fileRef = 3EE318D62B87EC3500ABFCEB /* MainView.swift */; };
		3EE318D92B88249600ABFCEB /* ItemsModel.swift in Sources */ = {isa = PBXBuildFile; fileRef = 3EE318D82B88249500ABFCEB /* ItemsModel.swift */; };
		3EE318DB2B88E12300ABFCEB /* ImageLoadingViewModel.swift in Sources */ = {isa = PBXBuildFile; fileRef = 3EE318DA2B88E12300ABFCEB /* ImageLoadingViewModel.swift */; };
		3EE318DD2B88E16100ABFCEB /* ImageModelCacheManager.swift in Sources */ = {isa = PBXBuildFile; fileRef = 3EE318DC2B88E16100ABFCEB /* ImageModelCacheManager.swift */; };
		3EE318DF2B88E17E00ABFCEB /* ImageLoadingView.swift in Sources */ = {isa = PBXBuildFile; fileRef = 3EE318DE2B88E17E00ABFCEB /* ImageLoadingView.swift */; };
		3EE318E12B8A214E00ABFCEB /* ProductModel.swift in Sources */ = {isa = PBXBuildFile; fileRef = 3EE318E02B8A214D00ABFCEB /* ProductModel.swift */; };
		3EE318E32B8A4A2E00ABFCEB /* ProductListView.swift in Sources */ = {isa = PBXBuildFile; fileRef = 3EE318E22B8A4A2E00ABFCEB /* ProductListView.swift */; };
		3EE318E52B8A990B00ABFCEB /* CustomNavView.swift in Sources */ = {isa = PBXBuildFile; fileRef = 3EE318E42B8A990B00ABFCEB /* CustomNavView.swift */; };
		3EE318E72B8A99DD00ABFCEB /* CustomNavBarContainerView.swift in Sources */ = {isa = PBXBuildFile; fileRef = 3EE318E62B8A99DD00ABFCEB /* CustomNavBarContainerView.swift */; };
		3EE318E92B8A9A5A00ABFCEB /* CustomNavBarView.swift in Sources */ = {isa = PBXBuildFile; fileRef = 3EE318E82B8A9A5A00ABFCEB /* CustomNavBarView.swift */; };
		3EE318EB2B8A9DFD00ABFCEB /* CustomNavLink.swift in Sources */ = {isa = PBXBuildFile; fileRef = 3EE318EA2B8A9DFD00ABFCEB /* CustomNavLink.swift */; };
		3EE318ED2B8AA24500ABFCEB /* CustomNavBarPreferenceKeys.swift in Sources */ = {isa = PBXBuildFile; fileRef = 3EE318EC2B8AA24500ABFCEB /* CustomNavBarPreferenceKeys.swift */; };
/* End PBXBuildFile section */

/* Begin PBXContainerItemProxy section */
		3EE318B42B87771400ABFCEB /* PBXContainerItemProxy */ = {
			isa = PBXContainerItemProxy;
			containerPortal = 3EE3189B2B87770B00ABFCEB /* Project object */;
			proxyType = 1;
			remoteGlobalIDString = 3EE318A22B87770B00ABFCEB;
			remoteInfo = Meli;
		};
		3EE318BE2B87771400ABFCEB /* PBXContainerItemProxy */ = {
			isa = PBXContainerItemProxy;
			containerPortal = 3EE3189B2B87770B00ABFCEB /* Project object */;
			proxyType = 1;
			remoteGlobalIDString = 3EE318A22B87770B00ABFCEB;
			remoteInfo = Meli;
		};
/* End PBXContainerItemProxy section */

/* Begin PBXFileReference section */
		3EE318A32B87770B00ABFCEB /* Meli.app */ = {isa = PBXFileReference; explicitFileType = wrapper.application; includeInIndex = 0; path = Meli.app; sourceTree = BUILT_PRODUCTS_DIR; };
		3EE318A62B87770B00ABFCEB /* MeliApp.swift */ = {isa = PBXFileReference; lastKnownFileType = sourcecode.swift; path = MeliApp.swift; sourceTree = "<group>"; };
		3EE318A82B87770B00ABFCEB /* ContentView.swift */ = {isa = PBXFileReference; lastKnownFileType = sourcecode.swift; path = ContentView.swift; sourceTree = "<group>"; };
		3EE318AA2B87771300ABFCEB /* Assets.xcassets */ = {isa = PBXFileReference; lastKnownFileType = folder.assetcatalog; path = Assets.xcassets; sourceTree = "<group>"; };
		3EE318AD2B87771300ABFCEB /* Preview Assets.xcassets */ = {isa = PBXFileReference; lastKnownFileType = folder.assetcatalog; path = "Preview Assets.xcassets"; sourceTree = "<group>"; };
		3EE318B32B87771400ABFCEB /* MeliTests.xctest */ = {isa = PBXFileReference; explicitFileType = wrapper.cfbundle; includeInIndex = 0; path = MeliTests.xctest; sourceTree = BUILT_PRODUCTS_DIR; };
		3EE318B72B87771400ABFCEB /* MeliTests.swift */ = {isa = PBXFileReference; lastKnownFileType = sourcecode.swift; path = MeliTests.swift; sourceTree = "<group>"; };
		3EE318BD2B87771400ABFCEB /* MeliUITests.xctest */ = {isa = PBXFileReference; explicitFileType = wrapper.cfbundle; includeInIndex = 0; path = MeliUITests.xctest; sourceTree = BUILT_PRODUCTS_DIR; };
		3EE318C12B87771400ABFCEB /* MeliUITests.swift */ = {isa = PBXFileReference; lastKnownFileType = sourcecode.swift; path = MeliUITests.swift; sourceTree = "<group>"; };
		3EE318C32B87771400ABFCEB /* MeliUITestsLaunchTests.swift */ = {isa = PBXFileReference; lastKnownFileType = sourcecode.swift; path = MeliUITestsLaunchTests.swift; sourceTree = "<group>"; };
		3EE318D02B87EBD100ABFCEB /* SearchView.swift */ = {isa = PBXFileReference; lastKnownFileType = sourcecode.swift; path = SearchView.swift; sourceTree = "<group>"; };
		3EE318D42B87EC1900ABFCEB /* ProductDetailView.swift */ = {isa = PBXFileReference; lastKnownFileType = sourcecode.swift; path = ProductDetailView.swift; sourceTree = "<group>"; };
		3EE318D62B87EC3500ABFCEB /* MainView.swift */ = {isa = PBXFileReference; lastKnownFileType = sourcecode.swift; path = MainView.swift; sourceTree = "<group>"; };
		3EE318D82B88249500ABFCEB /* ItemsModel.swift */ = {isa = PBXFileReference; lastKnownFileType = sourcecode.swift; path = ItemsModel.swift; sourceTree = "<group>"; };
		3EE318DA2B88E12300ABFCEB /* ImageLoadingViewModel.swift */ = {isa = PBXFileReference; lastKnownFileType = sourcecode.swift; path = ImageLoadingViewModel.swift; sourceTree = "<group>"; };
		3EE318DC2B88E16100ABFCEB /* ImageModelCacheManager.swift */ = {isa = PBXFileReference; lastKnownFileType = sourcecode.swift; path = ImageModelCacheManager.swift; sourceTree = "<group>"; };
		3EE318DE2B88E17E00ABFCEB /* ImageLoadingView.swift */ = {isa = PBXFileReference; lastKnownFileType = sourcecode.swift; path = ImageLoadingView.swift; sourceTree = "<group>"; };
		3EE318E02B8A214D00ABFCEB /* ProductModel.swift */ = {isa = PBXFileReference; lastKnownFileType = sourcecode.swift; path = ProductModel.swift; sourceTree = "<group>"; };
		3EE318E22B8A4A2E00ABFCEB /* ProductListView.swift */ = {isa = PBXFileReference; lastKnownFileType = sourcecode.swift; path = ProductListView.swift; sourceTree = "<group>"; };
		3EE318E42B8A990B00ABFCEB /* CustomNavView.swift */ = {isa = PBXFileReference; lastKnownFileType = sourcecode.swift; path = CustomNavView.swift; sourceTree = "<group>"; };
		3EE318E62B8A99DD00ABFCEB /* CustomNavBarContainerView.swift */ = {isa = PBXFileReference; lastKnownFileType = sourcecode.swift; path = CustomNavBarContainerView.swift; sourceTree = "<group>"; };
		3EE318E82B8A9A5A00ABFCEB /* CustomNavBarView.swift */ = {isa = PBXFileReference; lastKnownFileType = sourcecode.swift; path = CustomNavBarView.swift; sourceTree = "<group>"; };
		3EE318EA2B8A9DFD00ABFCEB /* CustomNavLink.swift */ = {isa = PBXFileReference; lastKnownFileType = sourcecode.swift; path = CustomNavLink.swift; sourceTree = "<group>"; };
		3EE318EC2B8AA24500ABFCEB /* CustomNavBarPreferenceKeys.swift */ = {isa = PBXFileReference; lastKnownFileType = sourcecode.swift; path = CustomNavBarPreferenceKeys.swift; sourceTree = "<group>"; };
/* End PBXFileReference section */

/* Begin PBXFrameworksBuildPhase section */
		3EE318A02B87770B00ABFCEB /* Frameworks */ = {
			isa = PBXFrameworksBuildPhase;
			buildActionMask = 2147483647;
			files = (
			);
			runOnlyForDeploymentPostprocessing = 0;
		};
		3EE318B02B87771400ABFCEB /* Frameworks */ = {
			isa = PBXFrameworksBuildPhase;
			buildActionMask = 2147483647;
			files = (
			);
			runOnlyForDeploymentPostprocessing = 0;
		};
		3EE318BA2B87771400ABFCEB /* Frameworks */ = {
			isa = PBXFrameworksBuildPhase;
			buildActionMask = 2147483647;
			files = (
			);
			runOnlyForDeploymentPostprocessing = 0;
		};
/* End PBXFrameworksBuildPhase section */

/* Begin PBXGroup section */
		3EE3189A2B87770B00ABFCEB = {
			isa = PBXGroup;
			children = (
				3EE318A52B87770B00ABFCEB /* Meli */,
				3EE318B62B87771400ABFCEB /* MeliTests */,
				3EE318C02B87771400ABFCEB /* MeliUITests */,
				3EE318A42B87770B00ABFCEB /* Products */,
			);
			sourceTree = "<group>";
		};
		3EE318A42B87770B00ABFCEB /* Products */ = {
			isa = PBXGroup;
			children = (
				3EE318A32B87770B00ABFCEB /* Meli.app */,
				3EE318B32B87771400ABFCEB /* MeliTests.xctest */,
				3EE318BD2B87771400ABFCEB /* MeliUITests.xctest */,
			);
			name = Products;
			sourceTree = "<group>";
		};
		3EE318A52B87770B00ABFCEB /* Meli */ = {
			isa = PBXGroup;
			children = (
				3EE318A62B87770B00ABFCEB /* MeliApp.swift */,
				3EE318F62B8AF43F00ABFCEB /* Model */,
				3EE318F82B8AF46400ABFCEB /* View */,
				3EE318F92B8AF47C00ABFCEB /* Helpers */,
				3EE318AA2B87771300ABFCEB /* Assets.xcassets */,
				3EE318AC2B87771300ABFCEB /* Preview Content */,
			);
			path = Meli;
			sourceTree = "<group>";
		};
		3EE318AC2B87771300ABFCEB /* Preview Content */ = {
			isa = PBXGroup;
			children = (
				3EE318AD2B87771300ABFCEB /* Preview Assets.xcassets */,
			);
			path = "Preview Content";
			sourceTree = "<group>";
		};
		3EE318B62B87771400ABFCEB /* MeliTests */ = {
			isa = PBXGroup;
			children = (
				3EE318B72B87771400ABFCEB /* MeliTests.swift */,
			);
			path = MeliTests;
			sourceTree = "<group>";
		};
		3EE318C02B87771400ABFCEB /* MeliUITests */ = {
			isa = PBXGroup;
			children = (
				3EE318C12B87771400ABFCEB /* MeliUITests.swift */,
				3EE318C32B87771400ABFCEB /* MeliUITestsLaunchTests.swift */,
			);
			path = MeliUITests;
			sourceTree = "<group>";
		};
		3EE318F62B8AF43F00ABFCEB /* Model */ = {
			isa = PBXGroup;
			children = (
				3EE318D82B88249500ABFCEB /* ItemsModel.swift */,
				3EE318E02B8A214D00ABFCEB /* ProductModel.swift */,
			);
			path = Model;
			sourceTree = "<group>";
		};
		3EE318F82B8AF46400ABFCEB /* View */ = {
			isa = PBXGroup;
			children = (
				3EE318A82B87770B00ABFCEB /* ContentView.swift */,
				3EE318E22B8A4A2E00ABFCEB /* ProductListView.swift */,
				3EE318D02B87EBD100ABFCEB /* SearchView.swift */,
				3EE318D42B87EC1900ABFCEB /* ProductDetailView.swift */,
				3EE318D62B87EC3500ABFCEB /* MainView.swift */,
			);
			path = View;
			sourceTree = "<group>";
		};
		3EE318F92B8AF47C00ABFCEB /* Helpers */ = {
			isa = PBXGroup;
			children = (
				3EE318E42B8A990B00ABFCEB /* CustomNavView.swift */,
				3EE318EA2B8A9DFD00ABFCEB /* CustomNavLink.swift */,
				3EE318E82B8A9A5A00ABFCEB /* CustomNavBarView.swift */,
				3EE318EC2B8AA24500ABFCEB /* CustomNavBarPreferenceKeys.swift */,
				3EE318E62B8A99DD00ABFCEB /* CustomNavBarContainerView.swift */,
				3EE318DE2B88E17E00ABFCEB /* ImageLoadingView.swift */,
				3EE318DA2B88E12300ABFCEB /* ImageLoadingViewModel.swift */,
				3EE318DC2B88E16100ABFCEB /* ImageModelCacheManager.swift */,
			);
			path = Helpers;
			sourceTree = "<group>";
		};
/* End PBXGroup section */

/* Begin PBXNativeTarget section */
		3EE318A22B87770B00ABFCEB /* Meli */ = {
			isa = PBXNativeTarget;
			buildConfigurationList = 3EE318C72B87771400ABFCEB /* Build configuration list for PBXNativeTarget "Meli" */;
			buildPhases = (
				3EE3189F2B87770B00ABFCEB /* Sources */,
				3EE318A02B87770B00ABFCEB /* Frameworks */,
				3EE318A12B87770B00ABFCEB /* Resources */,
			);
			buildRules = (
			);
			dependencies = (
			);
			name = Meli;
			productName = Meli;
			productReference = 3EE318A32B87770B00ABFCEB /* Meli.app */;
			productType = "com.apple.product-type.application";
		};
		3EE318B22B87771400ABFCEB /* MeliTests */ = {
			isa = PBXNativeTarget;
			buildConfigurationList = 3EE318CA2B87771400ABFCEB /* Build configuration list for PBXNativeTarget "MeliTests" */;
			buildPhases = (
				3EE318AF2B87771400ABFCEB /* Sources */,
				3EE318B02B87771400ABFCEB /* Frameworks */,
				3EE318B12B87771400ABFCEB /* Resources */,
			);
			buildRules = (
			);
			dependencies = (
				3EE318B52B87771400ABFCEB /* PBXTargetDependency */,
			);
			name = MeliTests;
			productName = MeliTests;
			productReference = 3EE318B32B87771400ABFCEB /* MeliTests.xctest */;
			productType = "com.apple.product-type.bundle.unit-test";
		};
		3EE318BC2B87771400ABFCEB /* MeliUITests */ = {
			isa = PBXNativeTarget;
			buildConfigurationList = 3EE318CD2B87771400ABFCEB /* Build configuration list for PBXNativeTarget "MeliUITests" */;
			buildPhases = (
				3EE318B92B87771400ABFCEB /* Sources */,
				3EE318BA2B87771400ABFCEB /* Frameworks */,
				3EE318BB2B87771400ABFCEB /* Resources */,
			);
			buildRules = (
			);
			dependencies = (
				3EE318BF2B87771400ABFCEB /* PBXTargetDependency */,
			);
			name = MeliUITests;
			productName = MeliUITests;
			productReference = 3EE318BD2B87771400ABFCEB /* MeliUITests.xctest */;
			productType = "com.apple.product-type.bundle.ui-testing";
		};
/* End PBXNativeTarget section */

/* Begin PBXProject section */
		3EE3189B2B87770B00ABFCEB /* Project object */ = {
			isa = PBXProject;
			attributes = {
				BuildIndependentTargetsInParallel = 1;
				LastSwiftUpdateCheck = 1420;
				LastUpgradeCheck = 1420;
				TargetAttributes = {
					3EE318A22B87770B00ABFCEB = {
						CreatedOnToolsVersion = 14.2;
					};
					3EE318B22B87771400ABFCEB = {
						CreatedOnToolsVersion = 14.2;
						TestTargetID = 3EE318A22B87770B00ABFCEB;
					};
					3EE318BC2B87771400ABFCEB = {
						CreatedOnToolsVersion = 14.2;
						TestTargetID = 3EE318A22B87770B00ABFCEB;
					};
				};
			};
			buildConfigurationList = 3EE3189E2B87770B00ABFCEB /* Build configuration list for PBXProject "Meli" */;
			compatibilityVersion = "Xcode 14.0";
			developmentRegion = en;
			hasScannedForEncodings = 0;
			knownRegions = (
				en,
				Base,
			);
			mainGroup = 3EE3189A2B87770B00ABFCEB;
			productRefGroup = 3EE318A42B87770B00ABFCEB /* Products */;
			projectDirPath = "";
			projectRoot = "";
			targets = (
				3EE318A22B87770B00ABFCEB /* Meli */,
				3EE318B22B87771400ABFCEB /* MeliTests */,
				3EE318BC2B87771400ABFCEB /* MeliUITests */,
			);
		};
/* End PBXProject section */

/* Begin PBXResourcesBuildPhase section */
		3EE318A12B87770B00ABFCEB /* Resources */ = {
			isa = PBXResourcesBuildPhase;
			buildActionMask = 2147483647;
			files = (
				3EE318AE2B87771300ABFCEB /* Preview Assets.xcassets in Resources */,
				3EE318AB2B87771300ABFCEB /* Assets.xcassets in Resources */,
			);
			runOnlyForDeploymentPostprocessing = 0;
		};
		3EE318B12B87771400ABFCEB /* Resources */ = {
			isa = PBXResourcesBuildPhase;
			buildActionMask = 2147483647;
			files = (
			);
			runOnlyForDeploymentPostprocessing = 0;
		};
		3EE318BB2B87771400ABFCEB /* Resources */ = {
			isa = PBXResourcesBuildPhase;
			buildActionMask = 2147483647;
			files = (
			);
			runOnlyForDeploymentPostprocessing = 0;
		};
/* End PBXResourcesBuildPhase section */

/* Begin PBXSourcesBuildPhase section */
		3EE3189F2B87770B00ABFCEB /* Sources */ = {
			isa = PBXSourcesBuildPhase;
			buildActionMask = 2147483647;
			files = (
				3EE318E72B8A99DD00ABFCEB /* CustomNavBarContainerView.swift in Sources */,
				3EE318EB2B8A9DFD00ABFCEB /* CustomNavLink.swift in Sources */,
				3EE318E32B8A4A2E00ABFCEB /* ProductListView.swift in Sources */,
				3EE318A92B87770B00ABFCEB /* ContentView.swift in Sources */,
				3EE318D72B87EC3500ABFCEB /* MainView.swift in Sources */,
				3EE318DB2B88E12300ABFCEB /* ImageLoadingViewModel.swift in Sources */,
				3EE318ED2B8AA24500ABFCEB /* CustomNavBarPreferenceKeys.swift in Sources */,
				3EE318D92B88249600ABFCEB /* ItemsModel.swift in Sources */,
				3EE318E52B8A990B00ABFCEB /* CustomNavView.swift in Sources */,
				3EE318D12B87EBD100ABFCEB /* SearchView.swift in Sources */,
				3EE318DD2B88E16100ABFCEB /* ImageModelCacheManager.swift in Sources */,
				3EE318E12B8A214E00ABFCEB /* ProductModel.swift in Sources */,
				3EE318A72B87770B00ABFCEB /* MeliApp.swift in Sources */,
				3EE318E92B8A9A5A00ABFCEB /* CustomNavBarView.swift in Sources */,
				3EE318D52B87EC1900ABFCEB /* ProductDetailView.swift in Sources */,
				3EE318DF2B88E17E00ABFCEB /* ImageLoadingView.swift in Sources */,
			);
			runOnlyForDeploymentPostprocessing = 0;
		};
		3EE318AF2B87771400ABFCEB /* Sources */ = {
			isa = PBXSourcesBuildPhase;
			buildActionMask = 2147483647;
			files = (
				3EE318B82B87771400ABFCEB /* MeliTests.swift in Sources */,
			);
			runOnlyForDeploymentPostprocessing = 0;
		};
		3EE318B92B87771400ABFCEB /* Sources */ = {
			isa = PBXSourcesBuildPhase;
			buildActionMask = 2147483647;
			files = (
				3EE318C22B87771400ABFCEB /* MeliUITests.swift in Sources */,
				3EE318C42B87771400ABFCEB /* MeliUITestsLaunchTests.swift in Sources */,
			);
			runOnlyForDeploymentPostprocessing = 0;
		};
/* End PBXSourcesBuildPhase section */

/* Begin PBXTargetDependency section */
		3EE318B52B87771400ABFCEB /* PBXTargetDependency */ = {
			isa = PBXTargetDependency;
			target = 3EE318A22B87770B00ABFCEB /* Meli */;
			targetProxy = 3EE318B42B87771400ABFCEB /* PBXContainerItemProxy */;
		};
		3EE318BF2B87771400ABFCEB /* PBXTargetDependency */ = {
			isa = PBXTargetDependency;
			target = 3EE318A22B87770B00ABFCEB /* Meli */;
			targetProxy = 3EE318BE2B87771400ABFCEB /* PBXContainerItemProxy */;
		};
/* End PBXTargetDependency section */

/* Begin XCBuildConfiguration section */
		3EE318C52B87771400ABFCEB /* Debug */ = {
			isa = XCBuildConfiguration;
			buildSettings = {
				ALWAYS_SEARCH_USER_PATHS = NO;
				CLANG_ANALYZER_NONNULL = YES;
				CLANG_ANALYZER_NUMBER_OBJECT_CONVERSION = YES_AGGRESSIVE;
				CLANG_CXX_LANGUAGE_STANDARD = "gnu++20";
				CLANG_ENABLE_MODULES = YES;
				CLANG_ENABLE_OBJC_ARC = YES;
				CLANG_ENABLE_OBJC_WEAK = YES;
				CLANG_WARN_BLOCK_CAPTURE_AUTORELEASING = YES;
				CLANG_WARN_BOOL_CONVERSION = YES;
				CLANG_WARN_COMMA = YES;
				CLANG_WARN_CONSTANT_CONVERSION = YES;
				CLANG_WARN_DEPRECATED_OBJC_IMPLEMENTATIONS = YES;
				CLANG_WARN_DIRECT_OBJC_ISA_USAGE = YES_ERROR;
				CLANG_WARN_DOCUMENTATION_COMMENTS = YES;
				CLANG_WARN_EMPTY_BODY = YES;
				CLANG_WARN_ENUM_CONVERSION = YES;
				CLANG_WARN_INFINITE_RECURSION = YES;
				CLANG_WARN_INT_CONVERSION = YES;
				CLANG_WARN_NON_LITERAL_NULL_CONVERSION = YES;
				CLANG_WARN_OBJC_IMPLICIT_RETAIN_SELF = YES;
				CLANG_WARN_OBJC_LITERAL_CONVERSION = YES;
				CLANG_WARN_OBJC_ROOT_CLASS = YES_ERROR;
				CLANG_WARN_QUOTED_INCLUDE_IN_FRAMEWORK_HEADER = YES;
				CLANG_WARN_RANGE_LOOP_ANALYSIS = YES;
				CLANG_WARN_STRICT_PROTOTYPES = YES;
				CLANG_WARN_SUSPICIOUS_MOVE = YES;
				CLANG_WARN_UNGUARDED_AVAILABILITY = YES_AGGRESSIVE;
				CLANG_WARN_UNREACHABLE_CODE = YES;
				CLANG_WARN__DUPLICATE_METHOD_MATCH = YES;
				COPY_PHASE_STRIP = NO;
				DEBUG_INFORMATION_FORMAT = dwarf;
				ENABLE_STRICT_OBJC_MSGSEND = YES;
				ENABLE_TESTABILITY = YES;
				GCC_C_LANGUAGE_STANDARD = gnu11;
				GCC_DYNAMIC_NO_PIC = NO;
				GCC_NO_COMMON_BLOCKS = YES;
				GCC_OPTIMIZATION_LEVEL = 0;
				GCC_PREPROCESSOR_DEFINITIONS = (
					"DEBUG=1",
					"$(inherited)",
				);
				GCC_WARN_64_TO_32_BIT_CONVERSION = YES;
				GCC_WARN_ABOUT_RETURN_TYPE = YES_ERROR;
				GCC_WARN_UNDECLARED_SELECTOR = YES;
				GCC_WARN_UNINITIALIZED_AUTOS = YES_AGGRESSIVE;
				GCC_WARN_UNUSED_FUNCTION = YES;
				GCC_WARN_UNUSED_VARIABLE = YES;
				IPHONEOS_DEPLOYMENT_TARGET = 16.2;
				MTL_ENABLE_DEBUG_INFO = INCLUDE_SOURCE;
				MTL_FAST_MATH = YES;
				ONLY_ACTIVE_ARCH = YES;
				SDKROOT = iphoneos;
				SWIFT_ACTIVE_COMPILATION_CONDITIONS = DEBUG;
				SWIFT_OPTIMIZATION_LEVEL = "-Onone";
			};
			name = Debug;
		};
		3EE318C62B87771400ABFCEB /* Release */ = {
			isa = XCBuildConfiguration;
			buildSettings = {
				ALWAYS_SEARCH_USER_PATHS = NO;
				CLANG_ANALYZER_NONNULL = YES;
				CLANG_ANALYZER_NUMBER_OBJECT_CONVERSION = YES_AGGRESSIVE;
				CLANG_CXX_LANGUAGE_STANDARD = "gnu++20";
				CLANG_ENABLE_MODULES = YES;
				CLANG_ENABLE_OBJC_ARC = YES;
				CLANG_ENABLE_OBJC_WEAK = YES;
				CLANG_WARN_BLOCK_CAPTURE_AUTORELEASING = YES;
				CLANG_WARN_BOOL_CONVERSION = YES;
				CLANG_WARN_COMMA = YES;
				CLANG_WARN_CONSTANT_CONVERSION = YES;
				CLANG_WARN_DEPRECATED_OBJC_IMPLEMENTATIONS = YES;
				CLANG_WARN_DIRECT_OBJC_ISA_USAGE = YES_ERROR;
				CLANG_WARN_DOCUMENTATION_COMMENTS = YES;
				CLANG_WARN_EMPTY_BODY = YES;
				CLANG_WARN_ENUM_CONVERSION = YES;
				CLANG_WARN_INFINITE_RECURSION = YES;
				CLANG_WARN_INT_CONVERSION = YES;
				CLANG_WARN_NON_LITERAL_NULL_CONVERSION = YES;
				CLANG_WARN_OBJC_IMPLICIT_RETAIN_SELF = YES;
				CLANG_WARN_OBJC_LITERAL_CONVERSION = YES;
				CLANG_WARN_OBJC_ROOT_CLASS = YES_ERROR;
				CLANG_WARN_QUOTED_INCLUDE_IN_FRAMEWORK_HEADER = YES;
				CLANG_WARN_RANGE_LOOP_ANALYSIS = YES;
				CLANG_WARN_STRICT_PROTOTYPES = YES;
				CLANG_WARN_SUSPICIOUS_MOVE = YES;
				CLANG_WARN_UNGUARDED_AVAILABILITY = YES_AGGRESSIVE;
				CLANG_WARN_UNREACHABLE_CODE = YES;
				CLANG_WARN__DUPLICATE_METHOD_MATCH = YES;
				COPY_PHASE_STRIP = NO;
				DEBUG_INFORMATION_FORMAT = "dwarf-with-dsym";
				ENABLE_NS_ASSERTIONS = NO;
				ENABLE_STRICT_OBJC_MSGSEND = YES;
				GCC_C_LANGUAGE_STANDARD = gnu11;
				GCC_NO_COMMON_BLOCKS = YES;
				GCC_WARN_64_TO_32_BIT_CONVERSION = YES;
				GCC_WARN_ABOUT_RETURN_TYPE = YES_ERROR;
				GCC_WARN_UNDECLARED_SELECTOR = YES;
				GCC_WARN_UNINITIALIZED_AUTOS = YES_AGGRESSIVE;
				GCC_WARN_UNUSED_FUNCTION = YES;
				GCC_WARN_UNUSED_VARIABLE = YES;
				IPHONEOS_DEPLOYMENT_TARGET = 16.2;
				MTL_ENABLE_DEBUG_INFO = NO;
				MTL_FAST_MATH = YES;
				SDKROOT = iphoneos;
				SWIFT_COMPILATION_MODE = wholemodule;
				SWIFT_OPTIMIZATION_LEVEL = "-O";
				VALIDATE_PRODUCT = YES;
			};
			name = Release;
		};
		3EE318C82B87771400ABFCEB /* Debug */ = {
			isa = XCBuildConfiguration;
			buildSettings = {
				ASSETCATALOG_COMPILER_APPICON_NAME = AppIcon;
				ASSETCATALOG_COMPILER_GLOBAL_ACCENT_COLOR_NAME = AccentColor;
				CODE_SIGN_STYLE = Automatic;
				CURRENT_PROJECT_VERSION = 1;
				DEVELOPMENT_ASSET_PATHS = "\"Meli/Preview Content\"";
				DEVELOPMENT_TEAM = 4H2AKA2B37;
				ENABLE_PREVIEWS = YES;
				GENERATE_INFOPLIST_FILE = YES;
				INFOPLIST_KEY_UIApplicationSceneManifest_Generation = YES;
				INFOPLIST_KEY_UIApplicationSupportsIndirectInputEvents = YES;
				INFOPLIST_KEY_UILaunchScreen_Generation = YES;
				INFOPLIST_KEY_UISupportedInterfaceOrientations_iPad = "UIInterfaceOrientationPortrait UIInterfaceOrientationPortraitUpsideDown UIInterfaceOrientationLandscapeLeft UIInterfaceOrientationLandscapeRight";
				INFOPLIST_KEY_UISupportedInterfaceOrientations_iPhone = "UIInterfaceOrientationPortrait UIInterfaceOrientationLandscapeLeft UIInterfaceOrientationLandscapeRight";
				IPHONEOS_DEPLOYMENT_TARGET = 14.0;
				LD_RUNPATH_SEARCH_PATHS = (
					"$(inherited)",
					"@executable_path/Frameworks",
				);
				MARKETING_VERSION = 1.0;
				PRODUCT_BUNDLE_IDENTIFIER = com.pcarrillo.Meli;
				PRODUCT_NAME = "$(TARGET_NAME)";
				SWIFT_EMIT_LOC_STRINGS = YES;
				SWIFT_VERSION = 5.0;
				TARGETED_DEVICE_FAMILY = "1,2";
			};
			name = Debug;
		};
		3EE318C92B87771400ABFCEB /* Release */ = {
			isa = XCBuildConfiguration;
			buildSettings = {
				ASSETCATALOG_COMPILER_APPICON_NAME = AppIcon;
				ASSETCATALOG_COMPILER_GLOBAL_ACCENT_COLOR_NAME = AccentColor;
				CODE_SIGN_STYLE = Automatic;
				CURRENT_PROJECT_VERSION = 1;
				DEVELOPMENT_ASSET_PATHS = "\"Meli/Preview Content\"";
				DEVELOPMENT_TEAM = 4H2AKA2B37;
				ENABLE_PREVIEWS = YES;
				GENERATE_INFOPLIST_FILE = YES;
				INFOPLIST_KEY_UIApplicationSceneManifest_Generation = YES;
				INFOPLIST_KEY_UIApplicationSupportsIndirectInputEvents = YES;
				INFOPLIST_KEY_UILaunchScreen_Generation = YES;
				INFOPLIST_KEY_UISupportedInterfaceOrientations_iPad = "UIInterfaceOrientationPortrait UIInterfaceOrientationPortraitUpsideDown UIInterfaceOrientationLandscapeLeft UIInterfaceOrientationLandscapeRight";
				INFOPLIST_KEY_UISupportedInterfaceOrientations_iPhone = "UIInterfaceOrientationPortrait UIInterfaceOrientationLandscapeLeft UIInterfaceOrientationLandscapeRight";
				IPHONEOS_DEPLOYMENT_TARGET = 14.0;
				LD_RUNPATH_SEARCH_PATHS = (
					"$(inherited)",
					"@executable_path/Frameworks",
				);
				MARKETING_VERSION = 1.0;
				PRODUCT_BUNDLE_IDENTIFIER = com.pcarrillo.Meli;
				PRODUCT_NAME = "$(TARGET_NAME)";
				SWIFT_EMIT_LOC_STRINGS = YES;
				SWIFT_VERSION = 5.0;
				TARGETED_DEVICE_FAMILY = "1,2";
			};
			name = Release;
		};
		3EE318CB2B87771400ABFCEB /* Debug */ = {
			isa = XCBuildConfiguration;
			buildSettings = {
				ALWAYS_EMBED_SWIFT_STANDARD_LIBRARIES = YES;
				BUNDLE_LOADER = "$(TEST_HOST)";
				CODE_SIGN_STYLE = Automatic;
				CURRENT_PROJECT_VERSION = 1;
				DEVELOPMENT_TEAM = 4H2AKA2B37;
				GENERATE_INFOPLIST_FILE = YES;
				IPHONEOS_DEPLOYMENT_TARGET = 16.2;
				MARKETING_VERSION = 1.0;
				PRODUCT_BUNDLE_IDENTIFIER = com.pcarrillo.MeliTests;
				PRODUCT_NAME = "$(TARGET_NAME)";
				SWIFT_EMIT_LOC_STRINGS = NO;
				SWIFT_VERSION = 5.0;
				TARGETED_DEVICE_FAMILY = "1,2";
				TEST_HOST = "$(BUILT_PRODUCTS_DIR)/Meli.app/$(BUNDLE_EXECUTABLE_FOLDER_PATH)/Meli";
			};
			name = Debug;
		};
		3EE318CC2B87771400ABFCEB /* Release */ = {
			isa = XCBuildConfiguration;
			buildSettings = {
				ALWAYS_EMBED_SWIFT_STANDARD_LIBRARIES = YES;
				BUNDLE_LOADER = "$(TEST_HOST)";
				CODE_SIGN_STYLE = Automatic;
				CURRENT_PROJECT_VERSION = 1;
				DEVELOPMENT_TEAM = 4H2AKA2B37;
				GENERATE_INFOPLIST_FILE = YES;
				IPHONEOS_DEPLOYMENT_TARGET = 16.2;
				MARKETING_VERSION = 1.0;
				PRODUCT_BUNDLE_IDENTIFIER = com.pcarrillo.MeliTests;
				PRODUCT_NAME = "$(TARGET_NAME)";
				SWIFT_EMIT_LOC_STRINGS = NO;
				SWIFT_VERSION = 5.0;
				TARGETED_DEVICE_FAMILY = "1,2";
				TEST_HOST = "$(BUILT_PRODUCTS_DIR)/Meli.app/$(BUNDLE_EXECUTABLE_FOLDER_PATH)/Meli";
			};
			name = Release;
		};
		3EE318CE2B87771400ABFCEB /* Debug */ = {
			isa = XCBuildConfiguration;
			buildSettings = {
				ALWAYS_EMBED_SWIFT_STANDARD_LIBRARIES = YES;
				CODE_SIGN_STYLE = Automatic;
				CURRENT_PROJECT_VERSION = 1;
				DEVELOPMENT_TEAM = 4H2AKA2B37;
				GENERATE_INFOPLIST_FILE = YES;
				MARKETING_VERSION = 1.0;
				PRODUCT_BUNDLE_IDENTIFIER = com.pcarrillo.MeliUITests;
				PRODUCT_NAME = "$(TARGET_NAME)";
				SWIFT_EMIT_LOC_STRINGS = NO;
				SWIFT_VERSION = 5.0;
				TARGETED_DEVICE_FAMILY = "1,2";
				TEST_TARGET_NAME = Meli;
			};
			name = Debug;
		};
		3EE318CF2B87771400ABFCEB /* Release */ = {
			isa = XCBuildConfiguration;
			buildSettings = {
				ALWAYS_EMBED_SWIFT_STANDARD_LIBRARIES = YES;
				CODE_SIGN_STYLE = Automatic;
				CURRENT_PROJECT_VERSION = 1;
				DEVELOPMENT_TEAM = 4H2AKA2B37;
				GENERATE_INFOPLIST_FILE = YES;
				MARKETING_VERSION = 1.0;
				PRODUCT_BUNDLE_IDENTIFIER = com.pcarrillo.MeliUITests;
				PRODUCT_NAME = "$(TARGET_NAME)";
				SWIFT_EMIT_LOC_STRINGS = NO;
				SWIFT_VERSION = 5.0;
				TARGETED_DEVICE_FAMILY = "1,2";
				TEST_TARGET_NAME = Meli;
			};
			name = Release;
		};
/* End XCBuildConfiguration section */

/* Begin XCConfigurationList section */
		3EE3189E2B87770B00ABFCEB /* Build configuration list for PBXProject "Meli" */ = {
			isa = XCConfigurationList;
			buildConfigurations = (
				3EE318C52B87771400ABFCEB /* Debug */,
				3EE318C62B87771400ABFCEB /* Release */,
			);
			defaultConfigurationIsVisible = 0;
			defaultConfigurationName = Release;
		};
		3EE318C72B87771400ABFCEB /* Build configuration list for PBXNativeTarget "Meli" */ = {
			isa = XCConfigurationList;
			buildConfigurations = (
				3EE318C82B87771400ABFCEB /* Debug */,
				3EE318C92B87771400ABFCEB /* Release */,
			);
			defaultConfigurationIsVisible = 0;
			defaultConfigurationName = Release;
		};
		3EE318CA2B87771400ABFCEB /* Build configuration list for PBXNativeTarget "MeliTests" */ = {
			isa = XCConfigurationList;
			buildConfigurations = (
				3EE318CB2B87771400ABFCEB /* Debug */,
				3EE318CC2B87771400ABFCEB /* Release */,
			);
			defaultConfigurationIsVisible = 0;
			defaultConfigurationName = Release;
		};
		3EE318CD2B87771400ABFCEB /* Build configuration list for PBXNativeTarget "MeliUITests" */ = {
			isa = XCConfigurationList;
			buildConfigurations = (
				3EE318CE2B87771400ABFCEB /* Debug */,
				3EE318CF2B87771400ABFCEB /* Release */,
			);
			defaultConfigurationIsVisible = 0;
			defaultConfigurationName = Release;
		};
/* End XCConfigurationList section */
	};
	rootObject = 3EE3189B2B87770B00ABFCEB /* Project object */;
}
